
Microsoft Visual Studio Solution File, Format Version 12.00
# Visual Studio 15
VisualStudioVersion = 15.0.26228.4
MinimumVisualStudioVersion = 10.0.40219.1
Project("{9A19103F-16F7-4668-BE54-9A1E7A4F7556}") = "RS.Core", "RS.Core\RS.Core.csproj", "{497A9A18-4801-4347-A86B-BA9E598C0676}"
EndProject
Project("{9A19103F-16F7-4668-BE54-9A1E7A4F7556}") = "RS.Sys", "RS.Sys\RS.Sys.csproj", "{9AB2E7C9-8D12-4715-9986-6A03D1A6E200}"
EndProject
Project("{FAE04EC0-301F-11D3-BF4B-00C04F79EFBC}") = "RS.Web", "RS.Web\RS.Web.csproj", "{D7FF3690-10D0-40A9-A1A3-683FA1B6D120}"
EndProject
Project("{FAE04EC0-301F-11D3-BF4B-00C04F79EFBC}") = "RS.Web.Mvc", "RS.Web.Mvc\RS.Web.Mvc.csproj", "{247B9EC9-A4FA-4535-90E8-3FFBDA232ECD}"
EndProject
Project("{2150E333-8FDC-42A3-9474-1A3956D46DE8}") = "基础组件", "基础组件", "{0B0B1E6B-DB6C-472C-AF3E-D2AB343B042C}"
EndProject
Project("{2150E333-8FDC-42A3-9474-1A3956D46DE8}") = "应用组件", "应用组件", "{62614BE6-2FFC-47BF-AA1E-9E63EAA5CB26}"
EndProject
Project("{2150E333-8FDC-42A3-9474-1A3956D46DE8}") = "框架组件", "框架组件", "{B7B8B760-36C0-4E74-87D6-4B6E3D60E984}"
EndProject
Project("{2150E333-8FDC-42A3-9474-1A3956D46DE8}") = "框架", "框架", "{FBE1D5DE-4462-4AB5-87E2-A778BE9427A7}"
EndProject
Project("{2150E333-8FDC-42A3-9474-1A3956D46DE8}") = "应用模板", "应用模板", "{92D5F74D-2E2F-41ED-8481-5222AEE7D050}"
EndProject
Project("{FAE04EC0-301F-11D3-BF4B-00C04F79EFBC}") = "RS.Web.MvcDemo", "RS.Web.MvcDemo\RS.Web.MvcDemo.csproj", "{29182265-9F55-4B67-8C28-3AF73C77B186}"
EndProject
Global
	GlobalSection(SolutionConfigurationPlatforms) = preSolution
		Debug|Any CPU = Debug|Any CPU
		Release|Any CPU = Release|Any CPU
	EndGlobalSection
	GlobalSection(ProjectConfigurationPlatforms) = postSolution
		{497A9A18-4801-4347-A86B-BA9E598C0676}.Debug|Any CPU.ActiveCfg = Debug|Any CPU
		{497A9A18-4801-4347-A86B-BA9E598C0676}.Debug|Any CPU.Build.0 = Debug|Any CPU
		{497A9A18-4801-4347-A86B-BA9E598C0676}.Release|Any CPU.ActiveCfg = Release|Any CPU
		{497A9A18-4801-4347-A86B-BA9E598C0676}.Release|Any CPU.Build.0 = Release|Any CPU
		{9AB2E7C9-8D12-4715-9986-6A03D1A6E200}.Debug|Any CPU.ActiveCfg = Debug|Any CPU
		{9AB2E7C9-8D12-4715-9986-6A03D1A6E200}.Debug|Any CPU.Build.0 = Debug|Any CPU
		{9AB2E7C9-8D12-4715-9986-6A03D1A6E200}.Release|Any CPU.ActiveCfg = Release|Any CPU
		{9AB2E7C9-8D12-4715-9986-6A03D1A6E200}.Release|Any CPU.Build.0 = Release|Any CPU
		{D7FF3690-10D0-40A9-A1A3-683FA1B6D120}.Debug|Any CPU.ActiveCfg = Debug|Any CPU
		{D7FF3690-10D0-40A9-A1A3-683FA1B6D120}.Debug|Any CPU.Build.0 = Debug|Any CPU
		{D7FF3690-10D0-40A9-A1A3-683FA1B6D120}.Release|Any CPU.ActiveCfg = Release|Any CPU
		{D7FF3690-10D0-40A9-A1A3-683FA1B6D120}.Release|Any CPU.Build.0 = Release|Any CPU
		{247B9EC9-A4FA-4535-90E8-3FFBDA232ECD}.Debug|Any CPU.ActiveCfg = Debug|Any CPU
		{247B9EC9-A4FA-4535-90E8-3FFBDA232ECD}.Debug|Any CPU.Build.0 = Debug|Any CPU
		{247B9EC9-A4FA-4535-90E8-3FFBDA232ECD}.Release|Any CPU.ActiveCfg = Release|Any CPU
		{247B9EC9-A4FA-4535-90E8-3FFBDA232ECD}.Release|Any CPU.Build.0 = Release|Any CPU
		{29182265-9F55-4B67-8C28-3AF73C77B186}.Debug|Any CPU.ActiveCfg = Debug|Any CPU
		{29182265-9F55-4B67-8C28-3AF73C77B186}.Debug|Any CPU.Build.0 = Debug|Any CPU
		{29182265-9F55-4B67-8C28-3AF73C77B186}.Release|Any CPU.ActiveCfg = Release|Any CPU
		{29182265-9F55-4B67-8C28-3AF73C77B186}.Release|Any CPU.Build.0 = Release|Any CPU
	EndGlobalSection
	GlobalSection(SolutionProperties) = preSolution
		HideSolutionNode = FALSE
	EndGlobalSection
	GlobalSection(NestedProjects) = preSolution
		{497A9A18-4801-4347-A86B-BA9E598C0676} = {0B0B1E6B-DB6C-472C-AF3E-D2AB343B042C}
		{9AB2E7C9-8D12-4715-9986-6A03D1A6E200} = {62614BE6-2FFC-47BF-AA1E-9E63EAA5CB26}
		{D7FF3690-10D0-40A9-A1A3-683FA1B6D120} = {B7B8B760-36C0-4E74-87D6-4B6E3D60E984}
		{247B9EC9-A4FA-4535-90E8-3FFBDA232ECD} = {B7B8B760-36C0-4E74-87D6-4B6E3D60E984}
		{0B0B1E6B-DB6C-472C-AF3E-D2AB343B042C} = {FBE1D5DE-4462-4AB5-87E2-A778BE9427A7}
		{62614BE6-2FFC-47BF-AA1E-9E63EAA5CB26} = {FBE1D5DE-4462-4AB5-87E2-A778BE9427A7}
		{B7B8B760-36C0-4E74-87D6-4B6E3D60E984} = {FBE1D5DE-4462-4AB5-87E2-A778BE9427A7}
		{29182265-9F55-4B67-8C28-3AF73C77B186} = {92D5F74D-2E2F-41ED-8481-5222AEE7D050}
	EndGlobalSection
	GlobalSection(ExtensibilityGlobals) = postSolution
		SolutionGuid = {159F7362-9C39-427A-B3FA-ADC424DAB476}
	EndGlobalSection
EndGlobal
