
Microsoft Visual Studio Solution File, Format Version 12.00
# Visual Studio 15
VisualStudioVersion = 15.0.26228.4
MinimumVisualStudioVersion = 10.0.40219.1
Project("{FAE04EC0-301F-11D3-BF4B-00C04F79EFBC}") = "RS", "RS\RS.csproj", "{6E9FDB48-BBD8-4ECA-A8C2-691990FD4FDD}"
EndProject
Project("{9092AA53-FB77-4645-B42D-1CCCA6BD08BD}") = "RS.NodeJS", "RS.NodeJS\RS.NodeJS.njsproj", "{208F44A7-F563-492D-85CD-95F3AE8AC5F8}"
EndProject
Global
	GlobalSection(SolutionConfigurationPlatforms) = preSolution
		Debug|Any CPU = Debug|Any CPU
		Release|Any CPU = Release|Any CPU
	EndGlobalSection
	GlobalSection(ProjectConfigurationPlatforms) = postSolution
		{6E9FDB48-BBD8-4ECA-A8C2-691990FD4FDD}.Debug|Any CPU.ActiveCfg = Debug|Any CPU
		{6E9FDB48-BBD8-4ECA-A8C2-691990FD4FDD}.Debug|Any CPU.Build.0 = Debug|Any CPU
		{6E9FDB48-BBD8-4ECA-A8C2-691990FD4FDD}.Release|Any CPU.ActiveCfg = Release|Any CPU
		{6E9FDB48-BBD8-4ECA-A8C2-691990FD4FDD}.Release|Any CPU.Build.0 = Release|Any CPU
		{208F44A7-F563-492D-85CD-95F3AE8AC5F8}.Debug|Any CPU.ActiveCfg = Debug|Any CPU
		{208F44A7-F563-492D-85CD-95F3AE8AC5F8}.Debug|Any CPU.Build.0 = Debug|Any CPU
		{208F44A7-F563-492D-85CD-95F3AE8AC5F8}.Release|Any CPU.ActiveCfg = Release|Any CPU
		{208F44A7-F563-492D-85CD-95F3AE8AC5F8}.Release|Any CPU.Build.0 = Release|Any CPU
	EndGlobalSection
	GlobalSection(SolutionProperties) = preSolution
		HideSolutionNode = FALSE
	EndGlobalSection
EndGlobal
