
Microsoft Visual Studio Solution File, Format Version 12.00
# Visual Studio 15
VisualStudioVersion = 15.0.26228.4
MinimumVisualStudioVersion = 10.0.40219.1
Project("{9A19103F-16F7-4668-BE54-9A1E7A4F7556}") = "RS.Core", "RS.Core\RS.Core.csproj", "{497A9A18-4801-4347-A86B-BA9E598C0676}"
EndProject
Project("{9A19103F-16F7-4668-BE54-9A1E7A4F7556}") = "RS.Sys", "RS.Sys\RS.Sys.csproj", "{C7A6DAAC-E9F7-4F85-8D5F-2A55482EA822}"
EndProject
Project("{9A19103F-16F7-4668-BE54-9A1E7A4F7556}") = "RS.Core.Data", "RS.Core.Data\RS.Core.Data.csproj", "{EFBE383D-AC5C-4A38-B790-52A2B949112B}"
EndProject
Global
	GlobalSection(SolutionConfigurationPlatforms) = preSolution
		Debug|Any CPU = Debug|Any CPU
		Release|Any CPU = Release|Any CPU
	EndGlobalSection
	GlobalSection(ProjectConfigurationPlatforms) = postSolution
		{497A9A18-4801-4347-A86B-BA9E598C0676}.Debug|Any CPU.ActiveCfg = Debug|Any CPU
		{497A9A18-4801-4347-A86B-BA9E598C0676}.Debug|Any CPU.Build.0 = Debug|Any CPU
		{497A9A18-4801-4347-A86B-BA9E598C0676}.Release|Any CPU.ActiveCfg = Release|Any CPU
		{497A9A18-4801-4347-A86B-BA9E598C0676}.Release|Any CPU.Build.0 = Release|Any CPU
		{C7A6DAAC-E9F7-4F85-8D5F-2A55482EA822}.Debug|Any CPU.ActiveCfg = Debug|Any CPU
		{C7A6DAAC-E9F7-4F85-8D5F-2A55482EA822}.Debug|Any CPU.Build.0 = Debug|Any CPU
		{C7A6DAAC-E9F7-4F85-8D5F-2A55482EA822}.Release|Any CPU.ActiveCfg = Release|Any CPU
		{C7A6DAAC-E9F7-4F85-8D5F-2A55482EA822}.Release|Any CPU.Build.0 = Release|Any CPU
		{EFBE383D-AC5C-4A38-B790-52A2B949112B}.Debug|Any CPU.ActiveCfg = Debug|Any CPU
		{EFBE383D-AC5C-4A38-B790-52A2B949112B}.Debug|Any CPU.Build.0 = Debug|Any CPU
		{EFBE383D-AC5C-4A38-B790-52A2B949112B}.Release|Any CPU.ActiveCfg = Release|Any CPU
		{EFBE383D-AC5C-4A38-B790-52A2B949112B}.Release|Any CPU.Build.0 = Release|Any CPU
	EndGlobalSection
	GlobalSection(SolutionProperties) = preSolution
		HideSolutionNode = FALSE
	EndGlobalSection
	GlobalSection(ExtensibilityGlobals) = postSolution
		SolutionGuid = {159F7362-9C39-427A-B3FA-ADC424DAB476}
	EndGlobalSection
EndGlobal
